
Microsoft Visual Studio Solution File, Format Version 12.00
# Visual Studio 15
VisualStudioVersion = 15.0.27428.1
MinimumVisualStudioVersion = 10.0.40219.1
Project("{FAE04EC0-301F-11D3-BF4B-00C04F79EFBC}") = "AtmTest", "AtmTest\AtmTest.csproj", "{04CC91D5-262A-4CD3-A449-FFD5DC6F429F}"
EndProject
Global
	GlobalSection(SolutionConfigurationPlatforms) = preSolution
		Debug|Any CPU = Debug|Any CPU
		Release|Any CPU = Release|Any CPU
	EndGlobalSection
	GlobalSection(ProjectConfigurationPlatforms) = postSolution
		{04CC91D5-262A-4CD3-A449-FFD5DC6F429F}.Debug|Any CPU.ActiveCfg = Debug|Any CPU
		{04CC91D5-262A-4CD3-A449-FFD5DC6F429F}.Debug|Any CPU.Build.0 = Debug|Any CPU
		{04CC91D5-262A-4CD3-A449-FFD5DC6F429F}.Release|Any CPU.ActiveCfg = Release|Any CPU
		{04CC91D5-262A-4CD3-A449-FFD5DC6F429F}.Release|Any CPU.Build.0 = Release|Any CPU
	EndGlobalSection
	GlobalSection(SolutionProperties) = preSolution
		HideSolutionNode = FALSE
	EndGlobalSection
	GlobalSection(ExtensibilityGlobals) = postSolution
		SolutionGuid = {105F6409-E598-48BA-B008-E4A39BD6930D}
	EndGlobalSection
EndGlobal
